
Microsoft Visual Studio Solution File, Format Version 11.00
# Visual Studio 2010
Project("{FAE04EC0-301F-11D3-BF4B-00C04F79EFBC}") = "Tests", "Tests.csproj", "{89ECB27D-F34E-4127-A598-BBCEE8ED94BA}"
EndProject
Global
	GlobalSection(SolutionConfigurationPlatforms) = preSolution
		Debug|Any CPU = Debug|Any CPU
		Release|Any CPU = Release|Any CPU
	EndGlobalSection
	GlobalSection(ProjectConfigurationPlatforms) = postSolution
		{89ECB27D-F34E-4127-A598-BBCEE8ED94BA}.Debug|Any CPU.ActiveCfg = Debug|Any CPU
		{89ECB27D-F34E-4127-A598-BBCEE8ED94BA}.Debug|Any CPU.Build.0 = Debug|Any CPU
		{89ECB27D-F34E-4127-A598-BBCEE8ED94BA}.Release|Any CPU.ActiveCfg = Release|Any CPU
		{89ECB27D-F34E-4127-A598-BBCEE8ED94BA}.Release|Any CPU.Build.0 = Release|Any CPU
	EndGlobalSection
	GlobalSection(MonoDevelopProperties) = preSolution
		StartupItem = Tests.csproj
	EndGlobalSection
EndGlobal
