
Microsoft Visual Studio Solution File, Format Version 11.00
# Visual Studio 2010
Project("{F184B08F-C81C-45F6-A57F-5ABD9991F28F}") = "EvolutionaryTesting", "EvolutionaryTesting\EvolutionaryTesting.vbproj", "{939CB04E-DEBB-4D68-92C4-1F22C1344BFC}"
EndProject
Global
	GlobalSection(SolutionConfigurationPlatforms) = preSolution
		Debug|Any CPU = Debug|Any CPU
		Release|Any CPU = Release|Any CPU
	EndGlobalSection
	GlobalSection(ProjectConfigurationPlatforms) = postSolution
		{939CB04E-DEBB-4D68-92C4-1F22C1344BFC}.Debug|Any CPU.ActiveCfg = Debug|Any CPU
		{939CB04E-DEBB-4D68-92C4-1F22C1344BFC}.Debug|Any CPU.Build.0 = Debug|Any CPU
		{939CB04E-DEBB-4D68-92C4-1F22C1344BFC}.Release|Any CPU.ActiveCfg = Release|Any CPU
		{939CB04E-DEBB-4D68-92C4-1F22C1344BFC}.Release|Any CPU.Build.0 = Release|Any CPU
	EndGlobalSection
	GlobalSection(MonoDevelopProperties) = preSolution
		StartupItem = EvolutionaryTesting\EvolutionaryTesting.vbproj
	EndGlobalSection
EndGlobal
